// !$*UTF8*$!
{
	archiveVersion = 1;
	classes = {
	};
	objectVersion = 52;
	objects = {

/* Begin PBXBuildFile section */
		20C5422427FC95D50026226D /* NewsAppApp.swift in Sources */ = {isa = PBXBuildFile; fileRef = 20C5422327FC95D50026226D /* NewsAppApp.swift */; };
		20C5422627FC95D50026226D /* ContentView.swift in Sources */ = {isa = PBXBuildFile; fileRef = 20C5422527FC95D50026226D /* ContentView.swift */; };
		20C5422827FC95D80026226D /* Assets.xcassets in Resources */ = {isa = PBXBuildFile; fileRef = 20C5422727FC95D80026226D /* Assets.xcassets */; };
		20C5422B27FC95D80026226D /* Preview Assets.xcassets in Resources */ = {isa = PBXBuildFile; fileRef = 20C5422A27FC95D80026226D /* Preview Assets.xcassets */; };
		20C5423527FC95FD0026226D /* Home_View.swift in Sources */ = {isa = PBXBuildFile; fileRef = 20C5423427FC95FD0026226D /* Home_View.swift */; };
		20C5423B27FC9B4B0026226D /* NewsModel.swift in Sources */ = {isa = PBXBuildFile; fileRef = 20C5423A27FC9B4B0026226D /* NewsModel.swift */; };
		20C5424027FC9C2D0026226D /* News_EndPoint.swift in Sources */ = {isa = PBXBuildFile; fileRef = 20C5423F27FC9C2D0026226D /* News_EndPoint.swift */; };
		20C5424427FC9F3D0026226D /* Api_Error.swift in Sources */ = {isa = PBXBuildFile; fileRef = 20C5424327FC9F3D0026226D /* Api_Error.swift */; };
		20C5424927FCA11C0026226D /* News_Service.swift in Sources */ = {isa = PBXBuildFile; fileRef = 20C5424827FCA11C0026226D /* News_Service.swift */; };
		20C5424D27FCA7380026226D /* Result_States.swift in Sources */ = {isa = PBXBuildFile; fileRef = 20C5424C27FCA7380026226D /* Result_States.swift */; };
		20C5425227FCA7CB0026226D /* News_ViewModel.swift in Sources */ = {isa = PBXBuildFile; fileRef = 20C5425127FCA7CB0026226D /* News_ViewModel.swift */; };
		20C5425727FCC71F0026226D /* URLImageStore in Frameworks */ = {isa = PBXBuildFile; productRef = 20C5425627FCC71F0026226D /* URLImageStore */; };
		20C5425927FCC71F0026226D /* URLImage in Frameworks */ = {isa = PBXBuildFile; productRef = 20C5425827FCC71F0026226D /* URLImage */; };
		20C5425C27FCC7650026226D /* ArticleView.swift in Sources */ = {isa = PBXBuildFile; fileRef = 20C5425B27FCC7650026226D /* ArticleView.swift */; };
		20C5425F27FCCF800026226D /* ErrorView.swift in Sources */ = {isa = PBXBuildFile; fileRef = 20C5425E27FCCF800026226D /* ErrorView.swift */; };
/* End PBXBuildFile section */

/* Begin PBXFileReference section */
		20C5422027FC95D50026226D /* NewsApp.app */ = {isa = PBXFileReference; explicitFileType = wrapper.application; includeInIndex = 0; path = NewsApp.app; sourceTree = BUILT_PRODUCTS_DIR; };
		20C5422327FC95D50026226D /* NewsAppApp.swift */ = {isa = PBXFileReference; lastKnownFileType = sourcecode.swift; path = NewsAppApp.swift; sourceTree = "<group>"; };
		20C5422527FC95D50026226D /* ContentView.swift */ = {isa = PBXFileReference; lastKnownFileType = sourcecode.swift; path = ContentView.swift; sourceTree = "<group>"; };
		20C5422727FC95D80026226D /* Assets.xcassets */ = {isa = PBXFileReference; lastKnownFileType = folder.assetcatalog; path = Assets.xcassets; sourceTree = "<group>"; };
		20C5422A27FC95D80026226D /* Preview Assets.xcassets */ = {isa = PBXFileReference; lastKnownFileType = folder.assetcatalog; path = "Preview Assets.xcassets"; sourceTree = "<group>"; };
		20C5422C27FC95D80026226D /* Info.plist */ = {isa = PBXFileReference; lastKnownFileType = text.plist.xml; path = Info.plist; sourceTree = "<group>"; };
		20C5423427FC95FD0026226D /* Home_View.swift */ = {isa = PBXFileReference; lastKnownFileType = sourcecode.swift; path = Home_View.swift; sourceTree = "<group>"; };
		20C5423A27FC9B4B0026226D /* NewsModel.swift */ = {isa = PBXFileReference; lastKnownFileType = sourcecode.swift; path = NewsModel.swift; sourceTree = "<group>"; };
		20C5423F27FC9C2D0026226D /* News_EndPoint.swift */ = {isa = PBXFileReference; lastKnownFileType = sourcecode.swift; path = News_EndPoint.swift; sourceTree = "<group>"; };
		20C5424327FC9F3D0026226D /* Api_Error.swift */ = {isa = PBXFileReference; lastKnownFileType = sourcecode.swift; path = Api_Error.swift; sourceTree = "<group>"; };
		20C5424827FCA11C0026226D /* News_Service.swift */ = {isa = PBXFileReference; lastKnownFileType = sourcecode.swift; path = News_Service.swift; sourceTree = "<group>"; };
		20C5424C27FCA7380026226D /* Result_States.swift */ = {isa = PBXFileReference; lastKnownFileType = sourcecode.swift; path = Result_States.swift; sourceTree = "<group>"; };
		20C5425127FCA7CB0026226D /* News_ViewModel.swift */ = {isa = PBXFileReference; lastKnownFileType = sourcecode.swift; path = News_ViewModel.swift; sourceTree = "<group>"; };
		20C5425B27FCC7650026226D /* ArticleView.swift */ = {isa = PBXFileReference; lastKnownFileType = sourcecode.swift; path = ArticleView.swift; sourceTree = "<group>"; };
		20C5425E27FCCF800026226D /* ErrorView.swift */ = {isa = PBXFileReference; lastKnownFileType = sourcecode.swift; path = ErrorView.swift; sourceTree = "<group>"; };
/* End PBXFileReference section */

/* Begin PBXFrameworksBuildPhase section */
		20C5421D27FC95D50026226D /* Frameworks */ = {
			isa = PBXFrameworksBuildPhase;
			buildActionMask = 2147483647;
			files = (
				20C5425927FCC71F0026226D /* URLImage in Frameworks */,
				20C5425727FCC71F0026226D /* URLImageStore in Frameworks */,
			);
			runOnlyForDeploymentPostprocessing = 0;
		};
/* End PBXFrameworksBuildPhase section */

/* Begin PBXGroup section */
		20C5421727FC95D50026226D = {
			isa = PBXGroup;
			children = (
				20C5422227FC95D50026226D /* NewsApp */,
				20C5422127FC95D50026226D /* Products */,
			);
			sourceTree = "<group>";
		};
		20C5422127FC95D50026226D /* Products */ = {
			isa = PBXGroup;
			children = (
				20C5422027FC95D50026226D /* NewsApp.app */,
			);
			name = Products;
			sourceTree = "<group>";
		};
		20C5422227FC95D50026226D /* NewsApp */ = {
			isa = PBXGroup;
			children = (
				20C5425027FCA7B70026226D /* ViewModels */,
				20C5424B27FCA7230026226D /* States */,
				20C5424727FCA0D10026226D /* Services */,
				20C5424227FC9F2A0026226D /* Errors */,
				20C5423D27FC9BE30026226D /* EndPoints */,
				20C5423827FC96930026226D /* Models */,
				20C5423327FC95E90026226D /* Views */,
				20C5422327FC95D50026226D /* NewsAppApp.swift */,
				20C5422527FC95D50026226D /* ContentView.swift */,
				20C5422727FC95D80026226D /* Assets.xcassets */,
				20C5422C27FC95D80026226D /* Info.plist */,
				20C5422927FC95D80026226D /* Preview Content */,
			);
			path = NewsApp;
			sourceTree = "<group>";
		};
		20C5422927FC95D80026226D /* Preview Content */ = {
			isa = PBXGroup;
			children = (
				20C5422A27FC95D80026226D /* Preview Assets.xcassets */,
			);
			path = "Preview Content";
			sourceTree = "<group>";
		};
		20C5423327FC95E90026226D /* Views */ = {
			isa = PBXGroup;
			children = (
				20C5423427FC95FD0026226D /* Home_View.swift */,
				20C5425B27FCC7650026226D /* ArticleView.swift */,
				20C5425E27FCCF800026226D /* ErrorView.swift */,
			);
			path = Views;
			sourceTree = "<group>";
		};
		20C5423827FC96930026226D /* Models */ = {
			isa = PBXGroup;
			children = (
				20C5423A27FC9B4B0026226D /* NewsModel.swift */,
			);
			path = Models;
			sourceTree = "<group>";
		};
		20C5423D27FC9BE30026226D /* EndPoints */ = {
			isa = PBXGroup;
			children = (
				20C5423F27FC9C2D0026226D /* News_EndPoint.swift */,
			);
			path = EndPoints;
			sourceTree = "<group>";
		};
		20C5424227FC9F2A0026226D /* Errors */ = {
			isa = PBXGroup;
			children = (
				20C5424327FC9F3D0026226D /* Api_Error.swift */,
			);
			path = Errors;
			sourceTree = "<group>";
		};
		20C5424727FCA0D10026226D /* Services */ = {
			isa = PBXGroup;
			children = (
				20C5424827FCA11C0026226D /* News_Service.swift */,
			);
			path = Services;
			sourceTree = "<group>";
		};
		20C5424B27FCA7230026226D /* States */ = {
			isa = PBXGroup;
			children = (
				20C5424C27FCA7380026226D /* Result_States.swift */,
			);
			path = States;
			sourceTree = "<group>";
		};
		20C5425027FCA7B70026226D /* ViewModels */ = {
			isa = PBXGroup;
			children = (
				20C5425127FCA7CB0026226D /* News_ViewModel.swift */,
			);
			path = ViewModels;
			sourceTree = "<group>";
		};
/* End PBXGroup section */

/* Begin PBXNativeTarget section */
		20C5421F27FC95D50026226D /* NewsApp */ = {
			isa = PBXNativeTarget;
			buildConfigurationList = 20C5422F27FC95D80026226D /* Build configuration list for PBXNativeTarget "NewsApp" */;
			buildPhases = (
				20C5421C27FC95D50026226D /* Sources */,
				20C5421D27FC95D50026226D /* Frameworks */,
				20C5421E27FC95D50026226D /* Resources */,
			);
			buildRules = (
			);
			dependencies = (
			);
			name = NewsApp;
			packageProductDependencies = (
				20C5425627FCC71F0026226D /* URLImageStore */,
				20C5425827FCC71F0026226D /* URLImage */,
			);
			productName = NewsApp;
			productReference = 20C5422027FC95D50026226D /* NewsApp.app */;
			productType = "com.apple.product-type.application";
		};
/* End PBXNativeTarget section */

/* Begin PBXProject section */
		20C5421827FC95D50026226D /* Project object */ = {
			isa = PBXProject;
			attributes = {
				LastSwiftUpdateCheck = 1200;
				LastUpgradeCheck = 1200;
				TargetAttributes = {
					20C5421F27FC95D50026226D = {
						CreatedOnToolsVersion = 12.0.1;
					};
				};
			};
			buildConfigurationList = 20C5421B27FC95D50026226D /* Build configuration list for PBXProject "NewsApp" */;
			compatibilityVersion = "Xcode 9.3";
			developmentRegion = en;
			hasScannedForEncodings = 0;
			knownRegions = (
				en,
				Base,
			);
			mainGroup = 20C5421727FC95D50026226D;
			packageReferences = (
				20C5425527FCC71F0026226D /* XCRemoteSwiftPackageReference "url-image" */,
			);
			productRefGroup = 20C5422127FC95D50026226D /* Products */;
			projectDirPath = "";
			projectRoot = "";
			targets = (
				20C5421F27FC95D50026226D /* NewsApp */,
			);
		};
/* End PBXProject section */

/* Begin PBXResourcesBuildPhase section */
		20C5421E27FC95D50026226D /* Resources */ = {
			isa = PBXResourcesBuildPhase;
			buildActionMask = 2147483647;
			files = (
				20C5422B27FC95D80026226D /* Preview Assets.xcassets in Resources */,
				20C5422827FC95D80026226D /* Assets.xcassets in Resources */,
			);
			runOnlyForDeploymentPostprocessing = 0;
		};
/* End PBXResourcesBuildPhase section */

/* Begin PBXSourcesBuildPhase section */
		20C5421C27FC95D50026226D /* Sources */ = {
			isa = PBXSourcesBuildPhase;
			buildActionMask = 2147483647;
			files = (
				20C5424D27FCA7380026226D /* Result_States.swift in Sources */,
				20C5424927FCA11C0026226D /* News_Service.swift in Sources */,
				20C5423B27FC9B4B0026226D /* NewsModel.swift in Sources */,
				20C5424427FC9F3D0026226D /* Api_Error.swift in Sources */,
				20C5422627FC95D50026226D /* ContentView.swift in Sources */,
				20C5423527FC95FD0026226D /* Home_View.swift in Sources */,
				20C5424027FC9C2D0026226D /* News_EndPoint.swift in Sources */,
				20C5425C27FCC7650026226D /* ArticleView.swift in Sources */,
				20C5425227FCA7CB0026226D /* News_ViewModel.swift in Sources */,
				20C5422427FC95D50026226D /* NewsAppApp.swift in Sources */,
				20C5425F27FCCF800026226D /* ErrorView.swift in Sources */,
			);
			runOnlyForDeploymentPostprocessing = 0;
		};
/* End PBXSourcesBuildPhase section */

/* Begin XCBuildConfiguration section */
		20C5422D27FC95D80026226D /* Debug */ = {
			isa = XCBuildConfiguration;
			buildSettings = {
				ALWAYS_SEARCH_USER_PATHS = NO;
				CLANG_ANALYZER_NONNULL = YES;
				CLANG_ANALYZER_NUMBER_OBJECT_CONVERSION = YES_AGGRESSIVE;
				CLANG_CXX_LANGUAGE_STANDARD = "gnu++14";
				CLANG_CXX_LIBRARY = "libc++";
				CLANG_ENABLE_MODULES = YES;
				CLANG_ENABLE_OBJC_ARC = YES;
				CLANG_ENABLE_OBJC_WEAK = YES;
				CLANG_WARN_BLOCK_CAPTURE_AUTORELEASING = YES;
				CLANG_WARN_BOOL_CONVERSION = YES;
				CLANG_WARN_COMMA = YES;
				CLANG_WARN_CONSTANT_CONVERSION = YES;
				CLANG_WARN_DEPRECATED_OBJC_IMPLEMENTATIONS = YES;
				CLANG_WARN_DIRECT_OBJC_ISA_USAGE = YES_ERROR;
				CLANG_WARN_DOCUMENTATION_COMMENTS = YES;
				CLANG_WARN_EMPTY_BODY = YES;
				CLANG_WARN_ENUM_CONVERSION = YES;
				CLANG_WARN_INFINITE_RECURSION = YES;
				CLANG_WARN_INT_CONVERSION = YES;
				CLANG_WARN_NON_LITERAL_NULL_CONVERSION = YES;
				CLANG_WARN_OBJC_IMPLICIT_RETAIN_SELF = YES;
				CLANG_WARN_OBJC_LITERAL_CONVERSION = YES;
				CLANG_WARN_OBJC_ROOT_CLASS = YES_ERROR;
				CLANG_WARN_QUOTED_INCLUDE_IN_FRAMEWORK_HEADER = YES;
				CLANG_WARN_RANGE_LOOP_ANALYSIS = YES;
				CLANG_WARN_STRICT_PROTOTYPES = YES;
				CLANG_WARN_SUSPICIOUS_MOVE = YES;
				CLANG_WARN_UNGUARDED_AVAILABILITY = YES_AGGRESSIVE;
				CLANG_WARN_UNREACHABLE_CODE = YES;
				CLANG_WARN__DUPLICATE_METHOD_MATCH = YES;
				COPY_PHASE_STRIP = NO;
				DEBUG_INFORMATION_FORMAT = dwarf;
				ENABLE_STRICT_OBJC_MSGSEND = YES;
				ENABLE_TESTABILITY = YES;
				GCC_C_LANGUAGE_STANDARD = gnu11;
				GCC_DYNAMIC_NO_PIC = NO;
				GCC_NO_COMMON_BLOCKS = YES;
				GCC_OPTIMIZATION_LEVEL = 0;
				GCC_PREPROCESSOR_DEFINITIONS = (
					"DEBUG=1",
					"$(inherited)",
				);
				GCC_WARN_64_TO_32_BIT_CONVERSION = YES;
				GCC_WARN_ABOUT_RETURN_TYPE = YES_ERROR;
				GCC_WARN_UNDECLARED_SELECTOR = YES;
				GCC_WARN_UNINITIALIZED_AUTOS = YES_AGGRESSIVE;
				GCC_WARN_UNUSED_FUNCTION = YES;
				GCC_WARN_UNUSED_VARIABLE = YES;
				IPHONEOS_DEPLOYMENT_TARGET = 14.0;
				MTL_ENABLE_DEBUG_INFO = INCLUDE_SOURCE;
				MTL_FAST_MATH = YES;
				ONLY_ACTIVE_ARCH = YES;
				SDKROOT = iphoneos;
				SWIFT_ACTIVE_COMPILATION_CONDITIONS = DEBUG;
				SWIFT_OPTIMIZATION_LEVEL = "-Onone";
			};
			name = Debug;
		};
		20C5422E27FC95D80026226D /* Release */ = {
			isa = XCBuildConfiguration;
			buildSettings = {
				ALWAYS_SEARCH_USER_PATHS = NO;
				CLANG_ANALYZER_NONNULL = YES;
				CLANG_ANALYZER_NUMBER_OBJECT_CONVERSION = YES_AGGRESSIVE;
				CLANG_CXX_LANGUAGE_STANDARD = "gnu++14";
				CLANG_CXX_LIBRARY = "libc++";
				CLANG_ENABLE_MODULES = YES;
				CLANG_ENABLE_OBJC_ARC = YES;
				CLANG_ENABLE_OBJC_WEAK = YES;
				CLANG_WARN_BLOCK_CAPTURE_AUTORELEASING = YES;
				CLANG_WARN_BOOL_CONVERSION = YES;
				CLANG_WARN_COMMA = YES;
				CLANG_WARN_CONSTANT_CONVERSION = YES;
				CLANG_WARN_DEPRECATED_OBJC_IMPLEMENTATIONS = YES;
				CLANG_WARN_DIRECT_OBJC_ISA_USAGE = YES_ERROR;
				CLANG_WARN_DOCUMENTATION_COMMENTS = YES;
				CLANG_WARN_EMPTY_BODY = YES;
				CLANG_WARN_ENUM_CONVERSION = YES;
				CLANG_WARN_INFINITE_RECURSION = YES;
				CLANG_WARN_INT_CONVERSION = YES;
				CLANG_WARN_NON_LITERAL_NULL_CONVERSION = YES;
				CLANG_WARN_OBJC_IMPLICIT_RETAIN_SELF = YES;
				CLANG_WARN_OBJC_LITERAL_CONVERSION = YES;
				CLANG_WARN_OBJC_ROOT_CLASS = YES_ERROR;
				CLANG_WARN_QUOTED_INCLUDE_IN_FRAMEWORK_HEADER = YES;
				CLANG_WARN_RANGE_LOOP_ANALYSIS = YES;
				CLANG_WARN_STRICT_PROTOTYPES = YES;
				CLANG_WARN_SUSPICIOUS_MOVE = YES;
				CLANG_WARN_UNGUARDED_AVAILABILITY = YES_AGGRESSIVE;
				CLANG_WARN_UNREACHABLE_CODE = YES;
				CLANG_WARN__DUPLICATE_METHOD_MATCH = YES;
				COPY_PHASE_STRIP = NO;
				DEBUG_INFORMATION_FORMAT = "dwarf-with-dsym";
				ENABLE_NS_ASSERTIONS = NO;
				ENABLE_STRICT_OBJC_MSGSEND = YES;
				GCC_C_LANGUAGE_STANDARD = gnu11;
				GCC_NO_COMMON_BLOCKS = YES;
				GCC_WARN_64_TO_32_BIT_CONVERSION = YES;
				GCC_WARN_ABOUT_RETURN_TYPE = YES_ERROR;
				GCC_WARN_UNDECLARED_SELECTOR = YES;
				GCC_WARN_UNINITIALIZED_AUTOS = YES_AGGRESSIVE;
				GCC_WARN_UNUSED_FUNCTION = YES;
				GCC_WARN_UNUSED_VARIABLE = YES;
				IPHONEOS_DEPLOYMENT_TARGET = 14.0;
				MTL_ENABLE_DEBUG_INFO = NO;
				MTL_FAST_MATH = YES;
				SDKROOT = iphoneos;
				SWIFT_COMPILATION_MODE = wholemodule;
				SWIFT_OPTIMIZATION_LEVEL = "-O";
				VALIDATE_PRODUCT = YES;
			};
			name = Release;
		};
		20C5423027FC95D80026226D /* Debug */ = {
			isa = XCBuildConfiguration;
			buildSettings = {
				ASSETCATALOG_COMPILER_APPICON_NAME = AppIcon;
				ASSETCATALOG_COMPILER_GLOBAL_ACCENT_COLOR_NAME = AccentColor;
				CODE_SIGN_STYLE = Automatic;
				DEVELOPMENT_ASSET_PATHS = "\"NewsApp/Preview Content\"";
				DEVELOPMENT_TEAM = NU3G84AM77;
				ENABLE_PREVIEWS = YES;
				INFOPLIST_FILE = NewsApp/Info.plist;
				IPHONEOS_DEPLOYMENT_TARGET = 14.0;
				LD_RUNPATH_SEARCH_PATHS = (
					"$(inherited)",
					"@executable_path/Frameworks",
				);
				PRODUCT_BUNDLE_IDENTIFIER = collins.NewsApp;
				PRODUCT_NAME = "$(TARGET_NAME)";
				SWIFT_VERSION = 5.0;
				TARGETED_DEVICE_FAMILY = "1,2";
			};
			name = Debug;
		};
		20C5423127FC95D80026226D /* Release */ = {
			isa = XCBuildConfiguration;
			buildSettings = {
				ASSETCATALOG_COMPILER_APPICON_NAME = AppIcon;
				ASSETCATALOG_COMPILER_GLOBAL_ACCENT_COLOR_NAME = AccentColor;
				CODE_SIGN_STYLE = Automatic;
				DEVELOPMENT_ASSET_PATHS = "\"NewsApp/Preview Content\"";
				DEVELOPMENT_TEAM = NU3G84AM77;
				ENABLE_PREVIEWS = YES;
				INFOPLIST_FILE = NewsApp/Info.plist;
				IPHONEOS_DEPLOYMENT_TARGET = 14.0;
				LD_RUNPATH_SEARCH_PATHS = (
					"$(inherited)",
					"@executable_path/Frameworks",
				);
				PRODUCT_BUNDLE_IDENTIFIER = collins.NewsApp;
				PRODUCT_NAME = "$(TARGET_NAME)";
				SWIFT_VERSION = 5.0;
				TARGETED_DEVICE_FAMILY = "1,2";
			};
			name = Release;
		};
/* End XCBuildConfiguration section */

/* Begin XCConfigurationList section */
		20C5421B27FC95D50026226D /* Build configuration list for PBXProject "NewsApp" */ = {
			isa = XCConfigurationList;
			buildConfigurations = (
				20C5422D27FC95D80026226D /* Debug */,
				20C5422E27FC95D80026226D /* Release */,
			);
			defaultConfigurationIsVisible = 0;
			defaultConfigurationName = Release;
		};
		20C5422F27FC95D80026226D /* Build configuration list for PBXNativeTarget "NewsApp" */ = {
			isa = XCConfigurationList;
			buildConfigurations = (
				20C5423027FC95D80026226D /* Debug */,
				20C5423127FC95D80026226D /* Release */,
			);
			defaultConfigurationIsVisible = 0;
			defaultConfigurationName = Release;
		};
/* End XCConfigurationList section */

/* Begin XCRemoteSwiftPackageReference section */
		20C5425527FCC71F0026226D /* XCRemoteSwiftPackageReference "url-image" */ = {
			isa = XCRemoteSwiftPackageReference;
			repositoryURL = "https://github.com/dmytro-anokhin/url-image";
			requirement = {
				kind = upToNextMajorVersion;
				minimumVersion = 3.1.1;
			};
		};
/* End XCRemoteSwiftPackageReference section */

/* Begin XCSwiftPackageProductDependency section */
		20C5425627FCC71F0026226D /* URLImageStore */ = {
			isa = XCSwiftPackageProductDependency;
			package = 20C5425527FCC71F0026226D /* XCRemoteSwiftPackageReference "url-image" */;
			productName = URLImageStore;
		};
		20C5425827FCC71F0026226D /* URLImage */ = {
			isa = XCSwiftPackageProductDependency;
			package = 20C5425527FCC71F0026226D /* XCRemoteSwiftPackageReference "url-image" */;
			productName = URLImage;
		};
/* End XCSwiftPackageProductDependency section */
	};
	rootObject = 20C5421827FC95D50026226D /* Project object */;
}
